
Microsoft Visual Studio Solution File, Format Version 12.00
# Visual Studio 15
VisualStudioVersion = 15.0.36617.4
MinimumVisualStudioVersion = 10.0.40219.1
Project("{F184B08F-C81C-45F6-A57F-5ABD9991F28F}") = "Practica4", "Practica4\Practica4.vbproj", "{EDD7278F-B7AC-45E9-A7F0-8311F7214356}"
EndProject
Global
	GlobalSection(SolutionConfigurationPlatforms) = preSolution
		Debug|Any CPU = Debug|Any CPU
		Release|Any CPU = Release|Any CPU
	EndGlobalSection
	GlobalSection(ProjectConfigurationPlatforms) = postSolution
		{EDD7278F-B7AC-45E9-A7F0-8311F7214356}.Debug|Any CPU.ActiveCfg = Debug|Any CPU
		{EDD7278F-B7AC-45E9-A7F0-8311F7214356}.Debug|Any CPU.Build.0 = Debug|Any CPU
		{EDD7278F-B7AC-45E9-A7F0-8311F7214356}.Release|Any CPU.ActiveCfg = Release|Any CPU
		{EDD7278F-B7AC-45E9-A7F0-8311F7214356}.Release|Any CPU.Build.0 = Release|Any CPU
	EndGlobalSection
	GlobalSection(SolutionProperties) = preSolution
		HideSolutionNode = FALSE
	EndGlobalSection
	GlobalSection(ExtensibilityGlobals) = postSolution
		SolutionGuid = {10825252-782B-4CF1-8C9C-9697E95027B1}
	EndGlobalSection
EndGlobal
